// !$*UTF8*$!
{
	archiveVersion = 1;
	classes = {
	};
	objectVersion = 50;
	objects = {

/* Begin PBXBuildFile section */
		4886B62423A8514900C4425F /* AppDelegate.swift in Sources */ = {isa = PBXBuildFile; fileRef = 4886B62323A8514900C4425F /* AppDelegate.swift */; };
		4886B62623A8514900C4425F /* SceneDelegate.swift in Sources */ = {isa = PBXBuildFile; fileRef = 4886B62523A8514900C4425F /* SceneDelegate.swift */; };
		4886B62823A8514900C4425F /* ContentView.swift in Sources */ = {isa = PBXBuildFile; fileRef = 4886B62723A8514900C4425F /* ContentView.swift */; };
		4886B62A23A8514B00C4425F /* Assets.xcassets in Resources */ = {isa = PBXBuildFile; fileRef = 4886B62923A8514B00C4425F /* Assets.xcassets */; };
		4886B62D23A8514B00C4425F /* Preview Assets.xcassets in Resources */ = {isa = PBXBuildFile; fileRef = 4886B62C23A8514B00C4425F /* Preview Assets.xcassets */; };
		4886B63023A8514B00C4425F /* LaunchScreen.storyboard in Resources */ = {isa = PBXBuildFile; fileRef = 4886B62E23A8514B00C4425F /* LaunchScreen.storyboard */; };
/* End PBXBuildFile section */

/* Begin PBXFileReference section */
		4886B62023A8514900C4425F /* mandobank.app */ = {isa = PBXFileReference; explicitFileType = wrapper.application; includeInIndex = 0; path = mandobank.app; sourceTree = BUILT_PRODUCTS_DIR; };
		4886B62323A8514900C4425F /* AppDelegate.swift */ = {isa = PBXFileReference; lastKnownFileType = sourcecode.swift; path = AppDelegate.swift; sourceTree = "<group>"; };
		4886B62523A8514900C4425F /* SceneDelegate.swift */ = {isa = PBXFileReference; lastKnownFileType = sourcecode.swift; path = SceneDelegate.swift; sourceTree = "<group>"; };
		4886B62723A8514900C4425F /* ContentView.swift */ = {isa = PBXFileReference; lastKnownFileType = sourcecode.swift; path = ContentView.swift; sourceTree = "<group>"; };
		4886B62923A8514B00C4425F /* Assets.xcassets */ = {isa = PBXFileReference; lastKnownFileType = folder.assetcatalog; path = Assets.xcassets; sourceTree = "<group>"; };
		4886B62C23A8514B00C4425F /* Preview Assets.xcassets */ = {isa = PBXFileReference; lastKnownFileType = folder.assetcatalog; path = "Preview Assets.xcassets"; sourceTree = "<group>"; };
		4886B62F23A8514B00C4425F /* Base */ = {isa = PBXFileReference; lastKnownFileType = file.storyboard; name = Base; path = Base.lproj/LaunchScreen.storyboard; sourceTree = "<group>"; };
		4886B63123A8514B00C4425F /* Info.plist */ = {isa = PBXFileReference; lastKnownFileType = text.plist.xml; path = Info.plist; sourceTree = "<group>"; };
/* End PBXFileReference section */

/* Begin PBXFrameworksBuildPhase section */
		4886B61D23A8514900C4425F /* Frameworks */ = {
			isa = PBXFrameworksBuildPhase;
			buildActionMask = 2147483647;
			files = (
			);
			runOnlyForDeploymentPostprocessing = 0;
		};
/* End PBXFrameworksBuildPhase section */

/* Begin PBXGroup section */
		4886B61723A8514900C4425F = {
			isa = PBXGroup;
			children = (
				4886B62223A8514900C4425F /* mandobank */,
				4886B62123A8514900C4425F /* Products */,
			);
			sourceTree = "<group>";
		};
		4886B62123A8514900C4425F /* Products */ = {
			isa = PBXGroup;
			children = (
				4886B62023A8514900C4425F /* mandobank.app */,
			);
			name = Products;
			sourceTree = "<group>";
		};
		4886B62223A8514900C4425F /* mandobank */ = {
			isa = PBXGroup;
			children = (
				4886B62323A8514900C4425F /* AppDelegate.swift */,
				4886B62523A8514900C4425F /* SceneDelegate.swift */,
				4886B62723A8514900C4425F /* ContentView.swift */,
				4886B62923A8514B00C4425F /* Assets.xcassets */,
				4886B62E23A8514B00C4425F /* LaunchScreen.storyboard */,
				4886B63123A8514B00C4425F /* Info.plist */,
				4886B62B23A8514B00C4425F /* Preview Content */,
			);
			path = mandobank;
			sourceTree = "<group>";
		};
		4886B62B23A8514B00C4425F /* Preview Content */ = {
			isa = PBXGroup;
			children = (
				4886B62C23A8514B00C4425F /* Preview Assets.xcassets */,
			);
			path = "Preview Content";
			sourceTree = "<group>";
		};
/* End PBXGroup section */

/* Begin PBXNativeTarget section */
		4886B61F23A8514900C4425F /* mandobank */ = {
			isa = PBXNativeTarget;
			buildConfigurationList = 4886B63423A8514B00C4425F /* Build configuration list for PBXNativeTarget "mandobank" */;
			buildPhases = (
				4886B61C23A8514900C4425F /* Sources */,
				4886B61D23A8514900C4425F /* Frameworks */,
				4886B61E23A8514900C4425F /* Resources */,
			);
			buildRules = (
			);
			dependencies = (
			);
			name = mandobank;
			productName = mandobank;
			productReference = 4886B62023A8514900C4425F /* mandobank.app */;
			productType = "com.apple.product-type.application";
		};
/* End PBXNativeTarget section */

/* Begin PBXProject section */
		4886B61823A8514900C4425F /* Project object */ = {
			isa = PBXProject;
			attributes = {
				LastSwiftUpdateCheck = 1130;
				LastUpgradeCheck = 1130;
				ORGANIZATIONNAME = "Deceptive Labs";
				TargetAttributes = {
					4886B61F23A8514900C4425F = {
						CreatedOnToolsVersion = 11.3;
					};
				};
			};
			buildConfigurationList = 4886B61B23A8514900C4425F /* Build configuration list for PBXProject "mandobank" */;
			compatibilityVersion = "Xcode 9.3";
			developmentRegion = en;
			hasScannedForEncodings = 0;
			knownRegions = (
				en,
				Base,
			);
			mainGroup = 4886B61723A8514900C4425F;
			productRefGroup = 4886B62123A8514900C4425F /* Products */;
			projectDirPath = "";
			projectRoot = "";
			targets = (
				4886B61F23A8514900C4425F /* mandobank */,
			);
		};
/* End PBXProject section */

/* Begin PBXResourcesBuildPhase section */
		4886B61E23A8514900C4425F /* Resources */ = {
			isa = PBXResourcesBuildPhase;
			buildActionMask = 2147483647;
			files = (
				4886B63023A8514B00C4425F /* LaunchScreen.storyboard in Resources */,
				4886B62D23A8514B00C4425F /* Preview Assets.xcassets in Resources */,
				4886B62A23A8514B00C4425F /* Assets.xcassets in Resources */,
			);
			runOnlyForDeploymentPostprocessing = 0;
		};
/* End PBXResourcesBuildPhase section */

/* Begin PBXSourcesBuildPhase section */
		4886B61C23A8514900C4425F /* Sources */ = {
			isa = PBXSourcesBuildPhase;
			buildActionMask = 2147483647;
			files = (
				4886B62423A8514900C4425F /* AppDelegate.swift in Sources */,
				4886B62623A8514900C4425F /* SceneDelegate.swift in Sources */,
				4886B62823A8514900C4425F /* ContentView.swift in Sources */,
			);
			runOnlyForDeploymentPostprocessing = 0;
		};
/* End PBXSourcesBuildPhase section */

/* Begin PBXVariantGroup section */
		4886B62E23A8514B00C4425F /* LaunchScreen.storyboard */ = {
			isa = PBXVariantGroup;
			children = (
				4886B62F23A8514B00C4425F /* Base */,
			);
			name = LaunchScreen.storyboard;
			sourceTree = "<group>";
		};
/* End PBXVariantGroup section */

/* Begin XCBuildConfiguration section */
		4886B63223A8514B00C4425F /* Debug */ = {
			isa = XCBuildConfiguration;
			buildSettings = {
				ALWAYS_SEARCH_USER_PATHS = NO;
				CLANG_ANALYZER_NONNULL = YES;
				CLANG_ANALYZER_NUMBER_OBJECT_CONVERSION = YES_AGGRESSIVE;
				CLANG_CXX_LANGUAGE_STANDARD = "gnu++14";
				CLANG_CXX_LIBRARY = "libc++";
				CLANG_ENABLE_MODULES = YES;
				CLANG_ENABLE_OBJC_ARC = YES;
				CLANG_ENABLE_OBJC_WEAK = YES;
				CLANG_WARN_BLOCK_CAPTURE_AUTORELEASING = YES;
				CLANG_WARN_BOOL_CONVERSION = YES;
				CLANG_WARN_COMMA = YES;
				CLANG_WARN_CONSTANT_CONVERSION = YES;
				CLANG_WARN_DEPRECATED_OBJC_IMPLEMENTATIONS = YES;
				CLANG_WARN_DIRECT_OBJC_ISA_USAGE = YES_ERROR;
				CLANG_WARN_DOCUMENTATION_COMMENTS = YES;
				CLANG_WARN_EMPTY_BODY = YES;
				CLANG_WARN_ENUM_CONVERSION = YES;
				CLANG_WARN_INFINITE_RECURSION = YES;
				CLANG_WARN_INT_CONVERSION = YES;
				CLANG_WARN_NON_LITERAL_NULL_CONVERSION = YES;
				CLANG_WARN_OBJC_IMPLICIT_RETAIN_SELF = YES;
				CLANG_WARN_OBJC_LITERAL_CONVERSION = YES;
				CLANG_WARN_OBJC_ROOT_CLASS = YES_ERROR;
				CLANG_WARN_RANGE_LOOP_ANALYSIS = YES;
				CLANG_WARN_STRICT_PROTOTYPES = YES;
				CLANG_WARN_SUSPICIOUS_MOVE = YES;
				CLANG_WARN_UNGUARDED_AVAILABILITY = YES_AGGRESSIVE;
				CLANG_WARN_UNREACHABLE_CODE = YES;
				CLANG_WARN__DUPLICATE_METHOD_MATCH = YES;
				COPY_PHASE_STRIP = NO;
				DEBUG_INFORMATION_FORMAT = dwarf;
				ENABLE_STRICT_OBJC_MSGSEND = YES;
				ENABLE_TESTABILITY = YES;
				GCC_C_LANGUAGE_STANDARD = gnu11;
				GCC_DYNAMIC_NO_PIC = NO;
				GCC_NO_COMMON_BLOCKS = YES;
				GCC_OPTIMIZATION_LEVEL = 0;
				GCC_PREPROCESSOR_DEFINITIONS = (
					"DEBUG=1",
					"$(inherited)",
				);
				GCC_WARN_64_TO_32_BIT_CONVERSION = YES;
				GCC_WARN_ABOUT_RETURN_TYPE = YES_ERROR;
				GCC_WARN_UNDECLARED_SELECTOR = YES;
				GCC_WARN_UNINITIALIZED_AUTOS = YES_AGGRESSIVE;
				GCC_WARN_UNUSED_FUNCTION = YES;
				GCC_WARN_UNUSED_VARIABLE = YES;
				IPHONEOS_DEPLOYMENT_TARGET = 13.2;
				MTL_ENABLE_DEBUG_INFO = INCLUDE_SOURCE;
				MTL_FAST_MATH = YES;
				ONLY_ACTIVE_ARCH = YES;
				SDKROOT = iphoneos;
				SWIFT_ACTIVE_COMPILATION_CONDITIONS = DEBUG;
				SWIFT_OPTIMIZATION_LEVEL = "-Onone";
			};
			name = Debug;
		};
		4886B63323A8514B00C4425F /* Release */ = {
			isa = XCBuildConfiguration;
			buildSettings = {
				ALWAYS_SEARCH_USER_PATHS = NO;
				CLANG_ANALYZER_NONNULL = YES;
				CLANG_ANALYZER_NUMBER_OBJECT_CONVERSION = YES_AGGRESSIVE;
				CLANG_CXX_LANGUAGE_STANDARD = "gnu++14";
				CLANG_CXX_LIBRARY = "libc++";
				CLANG_ENABLE_MODULES = YES;
				CLANG_ENABLE_OBJC_ARC = YES;
				CLANG_ENABLE_OBJC_WEAK = YES;
				CLANG_WARN_BLOCK_CAPTURE_AUTORELEASING = YES;
				CLANG_WARN_BOOL_CONVERSION = YES;
				CLANG_WARN_COMMA = YES;
				CLANG_WARN_CONSTANT_CONVERSION = YES;
				CLANG_WARN_DEPRECATED_OBJC_IMPLEMENTATIONS = YES;
				CLANG_WARN_DIRECT_OBJC_ISA_USAGE = YES_ERROR;
				CLANG_WARN_DOCUMENTATION_COMMENTS = YES;
				CLANG_WARN_EMPTY_BODY = YES;
				CLANG_WARN_ENUM_CONVERSION = YES;
				CLANG_WARN_INFINITE_RECURSION = YES;
				CLANG_WARN_INT_CONVERSION = YES;
				CLANG_WARN_NON_LITERAL_NULL_CONVERSION = YES;
				CLANG_WARN_OBJC_IMPLICIT_RETAIN_SELF = YES;
				CLANG_WARN_OBJC_LITERAL_CONVERSION = YES;
				CLANG_WARN_OBJC_ROOT_CLASS = YES_ERROR;
				CLANG_WARN_RANGE_LOOP_ANALYSIS = YES;
				CLANG_WARN_STRICT_PROTOTYPES = YES;
				CLANG_WARN_SUSPICIOUS_MOVE = YES;
				CLANG_WARN_UNGUARDED_AVAILABILITY = YES_AGGRESSIVE;
				CLANG_WARN_UNREACHABLE_CODE = YES;
				CLANG_WARN__DUPLICATE_METHOD_MATCH = YES;
				COPY_PHASE_STRIP = NO;
				DEBUG_INFORMATION_FORMAT = "dwarf-with-dsym";
				ENABLE_NS_ASSERTIONS = NO;
				ENABLE_STRICT_OBJC_MSGSEND = YES;
				GCC_C_LANGUAGE_STANDARD = gnu11;
				GCC_NO_COMMON_BLOCKS = YES;
				GCC_WARN_64_TO_32_BIT_CONVERSION = YES;
				GCC_WARN_ABOUT_RETURN_TYPE = YES_ERROR;
				GCC_WARN_UNDECLARED_SELECTOR = YES;
				GCC_WARN_UNINITIALIZED_AUTOS = YES_AGGRESSIVE;
				GCC_WARN_UNUSED_FUNCTION = YES;
				GCC_WARN_UNUSED_VARIABLE = YES;
				IPHONEOS_DEPLOYMENT_TARGET = 13.2;
				MTL_ENABLE_DEBUG_INFO = NO;
				MTL_FAST_MATH = YES;
				SDKROOT = iphoneos;
				SWIFT_COMPILATION_MODE = wholemodule;
				SWIFT_OPTIMIZATION_LEVEL = "-O";
				VALIDATE_PRODUCT = YES;
			};
			name = Release;
		};
		4886B63523A8514B00C4425F /* Debug */ = {
			isa = XCBuildConfiguration;
			buildSettings = {
				ASSETCATALOG_COMPILER_APPICON_NAME = AppIcon;
				CODE_SIGN_STYLE = Automatic;
				DEVELOPMENT_ASSET_PATHS = "\"mandobank/Preview Content\"";
				DEVELOPMENT_TEAM = 8ZAQVXT82R;
				ENABLE_PREVIEWS = YES;
				INFOPLIST_FILE = mandobank/Info.plist;
				LD_RUNPATH_SEARCH_PATHS = (
					"$(inherited)",
					"@executable_path/Frameworks",
				);
				PRODUCT_BUNDLE_IDENTIFIER = me.deceptive.mandobank;
				PRODUCT_NAME = "$(TARGET_NAME)";
				SWIFT_VERSION = 5.0;
				TARGETED_DEVICE_FAMILY = "1,2";
			};
			name = Debug;
		};
		4886B63623A8514B00C4425F /* Release */ = {
			isa = XCBuildConfiguration;
			buildSettings = {
				ASSETCATALOG_COMPILER_APPICON_NAME = AppIcon;
				CODE_SIGN_STYLE = Automatic;
				DEVELOPMENT_ASSET_PATHS = "\"mandobank/Preview Content\"";
				DEVELOPMENT_TEAM = 8ZAQVXT82R;
				ENABLE_PREVIEWS = YES;
				INFOPLIST_FILE = mandobank/Info.plist;
				LD_RUNPATH_SEARCH_PATHS = (
					"$(inherited)",
					"@executable_path/Frameworks",
				);
				PRODUCT_BUNDLE_IDENTIFIER = me.deceptive.mandobank;
				PRODUCT_NAME = "$(TARGET_NAME)";
				SWIFT_VERSION = 5.0;
				TARGETED_DEVICE_FAMILY = "1,2";
			};
			name = Release;
		};
/* End XCBuildConfiguration section */

/* Begin XCConfigurationList section */
		4886B61B23A8514900C4425F /* Build configuration list for PBXProject "mandobank" */ = {
			isa = XCConfigurationList;
			buildConfigurations = (
				4886B63223A8514B00C4425F /* Debug */,
				4886B63323A8514B00C4425F /* Release */,
			);
			defaultConfigurationIsVisible = 0;
			defaultConfigurationName = Release;
		};
		4886B63423A8514B00C4425F /* Build configuration list for PBXNativeTarget "mandobank" */ = {
			isa = XCConfigurationList;
			buildConfigurations = (
				4886B63523A8514B00C4425F /* Debug */,
				4886B63623A8514B00C4425F /* Release */,
			);
			defaultConfigurationIsVisible = 0;
			defaultConfigurationName = Release;
		};
/* End XCConfigurationList section */
	};
	rootObject = 4886B61823A8514900C4425F /* Project object */;
}
